<Solution>
  <Folder Name="/Database/">
    <File Path="01_CreateBase.sql" />
    <File Path="init.sql" />
  </Folder>
  <Folder Name="/Elementos de la solución/">
    <File Path="docker-compose.yml" />
    <File Path="README.md" />
  </Folder>
  <Project Path="MINI-AGENDA/MINI-AGENDA.csproj" />
</Solution>
